
Microsoft Visual Studio Solution File, Format Version 12.00
# Visual Studio Version 17
VisualStudioVersion = 17.0.32112.339
MinimumVisualStudioVersion = 10.0.40219.1
Project("{FAE04EC0-301F-11D3-BF4B-00C04F79EFBC}") = "HP_tsyd", "HP_tsyd\HP_tsyd.csproj", "{BDE2DEA6-CC70-4832-AA70-32FD10E596D2}"
EndProject
Global
	GlobalSection(SolutionConfigurationPlatforms) = preSolution
		Debug|Any CPU = Debug|Any CPU
		Release|Any CPU = Release|Any CPU
	EndGlobalSection
	GlobalSection(ProjectConfigurationPlatforms) = postSolution
		{BDE2DEA6-CC70-4832-AA70-32FD10E596D2}.Debug|Any CPU.ActiveCfg = Debug|Any CPU
		{BDE2DEA6-CC70-4832-AA70-32FD10E596D2}.Debug|Any CPU.Build.0 = Debug|Any CPU
		{BDE2DEA6-CC70-4832-AA70-32FD10E596D2}.Release|Any CPU.ActiveCfg = Release|Any CPU
		{BDE2DEA6-CC70-4832-AA70-32FD10E596D2}.Release|Any CPU.Build.0 = Release|Any CPU
	EndGlobalSection
	GlobalSection(SolutionProperties) = preSolution
		HideSolutionNode = FALSE
	EndGlobalSection
	GlobalSection(ExtensibilityGlobals) = postSolution
		SolutionGuid = {F6AC4081-032B-4626-A0CA-45DA4215E853}
	EndGlobalSection
EndGlobal
